
Microsoft Visual Studio Solution File, Format Version 12.00
# Visual Studio Version 17
VisualStudioVersion = 17.11.35327.3
MinimumVisualStudioVersion = 10.0.40219.1
Project("{9A19103F-16F7-4668-BE54-9A1E7A4F7556}") = "MauiApp1", "MauiApp1\MauiApp1.csproj", "{0EA63CA7-8614-47A6-964B-CB7C1B773EAA}"
EndProject
Project("{9A19103F-16F7-4668-BE54-9A1E7A4F7556}") = "TempConverter", "TempConverter\TempConverter.csproj", "{857735B2-98C0-4F7A-B9B3-453F135CB263}"
EndProject
Project("{FAE04EC0-301F-11D3-BF4B-00C04F79EFBC}") = "CalculatorMauiApp", "CalculatorMauiApp\CalculatorMauiApp.csproj", "{965E3FA0-1B40-47E3-A447-B6C9E95D4305}"
EndProject
Global
	GlobalSection(SolutionConfigurationPlatforms) = preSolution
		Debug|Any CPU = Debug|Any CPU
		Release|Any CPU = Release|Any CPU
	EndGlobalSection
	GlobalSection(ProjectConfigurationPlatforms) = postSolution
		{0EA63CA7-8614-47A6-964B-CB7C1B773EAA}.Debug|Any CPU.ActiveCfg = Debug|Any CPU
		{0EA63CA7-8614-47A6-964B-CB7C1B773EAA}.Debug|Any CPU.Build.0 = Debug|Any CPU
		{0EA63CA7-8614-47A6-964B-CB7C1B773EAA}.Debug|Any CPU.Deploy.0 = Debug|Any CPU
		{0EA63CA7-8614-47A6-964B-CB7C1B773EAA}.Release|Any CPU.ActiveCfg = Release|Any CPU
		{0EA63CA7-8614-47A6-964B-CB7C1B773EAA}.Release|Any CPU.Build.0 = Release|Any CPU
		{0EA63CA7-8614-47A6-964B-CB7C1B773EAA}.Release|Any CPU.Deploy.0 = Release|Any CPU
		{857735B2-98C0-4F7A-B9B3-453F135CB263}.Debug|Any CPU.ActiveCfg = Debug|Any CPU
		{857735B2-98C0-4F7A-B9B3-453F135CB263}.Debug|Any CPU.Build.0 = Debug|Any CPU
		{857735B2-98C0-4F7A-B9B3-453F135CB263}.Debug|Any CPU.Deploy.0 = Debug|Any CPU
		{857735B2-98C0-4F7A-B9B3-453F135CB263}.Release|Any CPU.ActiveCfg = Release|Any CPU
		{857735B2-98C0-4F7A-B9B3-453F135CB263}.Release|Any CPU.Build.0 = Release|Any CPU
		{857735B2-98C0-4F7A-B9B3-453F135CB263}.Release|Any CPU.Deploy.0 = Release|Any CPU
		{965E3FA0-1B40-47E3-A447-B6C9E95D4305}.Debug|Any CPU.ActiveCfg = Debug|Any CPU
		{965E3FA0-1B40-47E3-A447-B6C9E95D4305}.Debug|Any CPU.Build.0 = Debug|Any CPU
		{965E3FA0-1B40-47E3-A447-B6C9E95D4305}.Debug|Any CPU.Deploy.0 = Debug|Any CPU
		{965E3FA0-1B40-47E3-A447-B6C9E95D4305}.Release|Any CPU.ActiveCfg = Release|Any CPU
		{965E3FA0-1B40-47E3-A447-B6C9E95D4305}.Release|Any CPU.Build.0 = Release|Any CPU
		{965E3FA0-1B40-47E3-A447-B6C9E95D4305}.Release|Any CPU.Deploy.0 = Release|Any CPU
	EndGlobalSection
	GlobalSection(SolutionProperties) = preSolution
		HideSolutionNode = FALSE
	EndGlobalSection
	GlobalSection(ExtensibilityGlobals) = postSolution
		SolutionGuid = {E3131E28-785D-489C-B046-0598CD17DC4D}
	EndGlobalSection
EndGlobal
